
Microsoft Visual Studio Solution File, Format Version 12.00
# Visual Studio Version 17
VisualStudioVersion = 17.9.34723.18
MinimumVisualStudioVersion = 10.0.40219.1
Project("{FAE04EC0-301F-11D3-BF4B-00C04F79EFBC}") = "Calculator", "Calculator\Calculator.csproj", "{1EDBE1EF-6D77-4245-A33A-73E106EA9BB0}"
EndProject
Global
	GlobalSection(SolutionConfigurationPlatforms) = preSolution
		Debug|Any CPU = Debug|Any CPU
		Release|Any CPU = Release|Any CPU
	EndGlobalSection
	GlobalSection(ProjectConfigurationPlatforms) = postSolution
		{1EDBE1EF-6D77-4245-A33A-73E106EA9BB0}.Debug|Any CPU.ActiveCfg = Debug|Any CPU
		{1EDBE1EF-6D77-4245-A33A-73E106EA9BB0}.Debug|Any CPU.Build.0 = Debug|Any CPU
		{1EDBE1EF-6D77-4245-A33A-73E106EA9BB0}.Release|Any CPU.ActiveCfg = Release|Any CPU
		{1EDBE1EF-6D77-4245-A33A-73E106EA9BB0}.Release|Any CPU.Build.0 = Release|Any CPU
	EndGlobalSection
	GlobalSection(SolutionProperties) = preSolution
		HideSolutionNode = FALSE
	EndGlobalSection
	GlobalSection(ExtensibilityGlobals) = postSolution
		SolutionGuid = {1FCE6D5D-8864-400B-A29A-5F86BD3A2BB7}
	EndGlobalSection
EndGlobal
